
Microsoft Visual Studio Solution File, Format Version 12.00
# Visual Studio Version 17
VisualStudioVersion = 17.5.33516.290
MinimumVisualStudioVersion = 10.0.40219.1
Project("{FAE04EC0-301F-11D3-BF4B-00C04F79EFBC}") = "FAP_Attendance", "FAP_Attendance.csproj", "{5D4C45D3-F134-4E39-AB74-3487C7B619BE}"
EndProject
Global
	GlobalSection(SolutionConfigurationPlatforms) = preSolution
		Debug|Any CPU = Debug|Any CPU
		Release|Any CPU = Release|Any CPU
	EndGlobalSection
	GlobalSection(ProjectConfigurationPlatforms) = postSolution
		{5D4C45D3-F134-4E39-AB74-3487C7B619BE}.Debug|Any CPU.ActiveCfg = Debug|Any CPU
		{5D4C45D3-F134-4E39-AB74-3487C7B619BE}.Debug|Any CPU.Build.0 = Debug|Any CPU
		{5D4C45D3-F134-4E39-AB74-3487C7B619BE}.Release|Any CPU.ActiveCfg = Release|Any CPU
		{5D4C45D3-F134-4E39-AB74-3487C7B619BE}.Release|Any CPU.Build.0 = Release|Any CPU
	EndGlobalSection
	GlobalSection(SolutionProperties) = preSolution
		HideSolutionNode = FALSE
	EndGlobalSection
	GlobalSection(ExtensibilityGlobals) = postSolution
		SolutionGuid = {8545CF1C-3DA9-4DF9-B1FB-1C939B1B0753}
	EndGlobalSection
EndGlobal
